# This file is automatically @generated by Cargo.
# It is not intended for manual editing.
version = 4

[[package]]
name = "fln"
version = "0.0.0"

[[package]]
name = "fln-anvil"
version = "0.0.0"

[[package]]
name = "fln-bignum"
version = "0.0.0"

[[package]]
name = "fln-checker"
version = "0.0.0"

[[package]]
name = "fln-cli"
version = "0.0.0"

[[package]]
name = "fln-comp"
version = "0.0.0"

[[package]]
name = "fln-conformance"
version = "0.0.0"
dependencies = [
 "fln-core",
]

[[package]]
name = "fln-core"
version = "0.0.0"

[[package]]
name = "fln-doc"
version = "0.0.0"

[[package]]
name = "fln-elab"
version = "0.0.0"

[[package]]
name = "fln-env"
version = "0.0.0"
dependencies = [
 "fln-core",
 "fln-hash",
]

[[package]]
name = "fln-hash"
version = "0.0.0"
dependencies = [
 "fln-core",
]

[[package]]
name = "fln-hound"
version = "0.0.0"

[[package]]
name = "fln-kernel"
version = "0.0.0"

[[package]]
name = "fln-lake"
version = "0.0.0"

[[package]]
name = "fln-ledger"
version = "0.0.0"

[[package]]
name = "fln-libm"
version = "0.0.0"

[[package]]
name = "fln-mcp"
version = "0.0.0"

[[package]]
name = "fln-olean"
version = "0.0.0"

[[package]]
name = "fln-parse"
version = "0.0.0"

[[package]]
name = "fln-rt"
version = "0.0.0"

[[package]]
name = "fln-server"
version = "0.0.0"

[[package]]
name = "fln-syntax"
version = "0.0.0"

[[package]]
name = "fln-trace"
version = "0.0.0"

[[package]]
name = "fln-tui"
version = "0.0.0"

[[package]]
name = "fln-unsafe-abi"
version = "0.0.0"

[[package]]
name = "fln-unsafe-jit"
version = "0.0.0"

[[package]]
name = "fln-unsafe-region"
version = "0.0.0"

[[package]]
name = "fln-verdict"
version = "0.0.0"

[[package]]
name = "fln-vm"
version = "0.0.0"

[[package]]
name = "fln-wasm"
version = "0.0.0"

[[package]]
name = "structure-guard"
version = "0.0.0"
